// !$*UTF8*$!
{
	archiveVersion = 1;
	classes = {
	};
	objectVersion = 77;
	objects = {

/* Begin PBXBuildFile section */
		46362E762E489FEF004C021A /* snappy-tennis-scoreboard Watch App.app in Embed Watch Content */ = {isa = PBXBuildFile; fileRef = 46362E752E489FEF004C021A /* snappy-tennis-scoreboard Watch App.app */; settings = {ATTRIBUTES = (RemoveHeadersOnCopy, ); }; };
/* End PBXBuildFile section */

/* Begin PBXContainerItemProxy section */
		46362E772E489FEF004C021A /* PBXContainerItemProxy */ = {
			isa = PBXContainerItemProxy;
			containerPortal = 46362E692E489FEF004C021A /* Project object */;
			proxyType = 1;
			remoteGlobalIDString = 46362E742E489FEF004C021A;
			remoteInfo = "snappy-tennis-scoreboard Watch App";
		};
		46362E852E489FF0004C021A /* PBXContainerItemProxy */ = {
			isa = PBXContainerItemProxy;
			containerPortal = 46362E692E489FEF004C021A /* Project object */;
			proxyType = 1;
			remoteGlobalIDString = 46362E742E489FEF004C021A;
			remoteInfo = "snappy-tennis-scoreboard Watch App";
		};
		46362E8F2E489FF0004C021A /* PBXContainerItemProxy */ = {
			isa = PBXContainerItemProxy;
			containerPortal = 46362E692E489FEF004C021A /* Project object */;
			proxyType = 1;
			remoteGlobalIDString = 46362E742E489FEF004C021A;
			remoteInfo = "snappy-tennis-scoreboard Watch App";
		};
/* End PBXContainerItemProxy section */

/* Begin PBXCopyFilesBuildPhase section */
		46362E9B2E489FF0004C021A /* Embed Watch Content */ = {
			isa = PBXCopyFilesBuildPhase;
			buildActionMask = 2147483647;
			dstPath = "$(CONTENTS_FOLDER_PATH)/Watch";
			dstSubfolderSpec = 16;
			files = (
				46362E762E489FEF004C021A /* snappy-tennis-scoreboard Watch App.app in Embed Watch Content */,
			);
			name = "Embed Watch Content";
			runOnlyForDeploymentPostprocessing = 0;
		};
/* End PBXCopyFilesBuildPhase section */

/* Begin PBXFileReference section */
		46362E6F2E489FEF004C021A /* snappy-tennis-scoreboard.app */ = {isa = PBXFileReference; explicitFileType = wrapper.application; includeInIndex = 0; path = "snappy-tennis-scoreboard.app"; sourceTree = BUILT_PRODUCTS_DIR; };
		46362E752E489FEF004C021A /* snappy-tennis-scoreboard Watch App.app */ = {isa = PBXFileReference; explicitFileType = wrapper.application; includeInIndex = 0; path = "snappy-tennis-scoreboard Watch App.app"; sourceTree = BUILT_PRODUCTS_DIR; };
		46362E842E489FF0004C021A /* snappy-tennis-scoreboard Watch AppTests.xctest */ = {isa = PBXFileReference; explicitFileType = wrapper.cfbundle; includeInIndex = 0; path = "snappy-tennis-scoreboard Watch AppTests.xctest"; sourceTree = BUILT_PRODUCTS_DIR; };
		46362E8E2E489FF0004C021A /* snappy-tennis-scoreboard Watch AppUITests.xctest */ = {isa = PBXFileReference; explicitFileType = wrapper.cfbundle; includeInIndex = 0; path = "snappy-tennis-scoreboard Watch AppUITests.xctest"; sourceTree = BUILT_PRODUCTS_DIR; };
/* End PBXFileReference section */

/* Begin PBXFileSystemSynchronizedRootGroup section */
		46362E792E489FEF004C021A /* snappy-tennis-scoreboard Watch App */ = {
			isa = PBXFileSystemSynchronizedRootGroup;
			path = "snappy-tennis-scoreboard Watch App";
			sourceTree = "<group>";
		};
		46362E872E489FF0004C021A /* snappy-tennis-scoreboard Watch AppTests */ = {
			isa = PBXFileSystemSynchronizedRootGroup;
			path = "snappy-tennis-scoreboard Watch AppTests";
			sourceTree = "<group>";
		};
		46362E912E489FF0004C021A /* snappy-tennis-scoreboard Watch AppUITests */ = {
			isa = PBXFileSystemSynchronizedRootGroup;
			path = "snappy-tennis-scoreboard Watch AppUITests";
			sourceTree = "<group>";
		};
/* End PBXFileSystemSynchronizedRootGroup section */

/* Begin PBXFrameworksBuildPhase section */
		46362E722E489FEF004C021A /* Frameworks */ = {
			isa = PBXFrameworksBuildPhase;
			buildActionMask = 2147483647;
			files = (
			);
			runOnlyForDeploymentPostprocessing = 0;
		};
		46362E812E489FF0004C021A /* Frameworks */ = {
			isa = PBXFrameworksBuildPhase;
			buildActionMask = 2147483647;
			files = (
			);
			runOnlyForDeploymentPostprocessing = 0;
		};
		46362E8B2E489FF0004C021A /* Frameworks */ = {
			isa = PBXFrameworksBuildPhase;
			buildActionMask = 2147483647;
			files = (
			);
			runOnlyForDeploymentPostprocessing = 0;
		};
/* End PBXFrameworksBuildPhase section */

/* Begin PBXGroup section */
		46362E682E489FEF004C021A = {
			isa = PBXGroup;
			children = (
				46362E792E489FEF004C021A /* snappy-tennis-scoreboard Watch App */,
				46362E872E489FF0004C021A /* snappy-tennis-scoreboard Watch AppTests */,
				46362E912E489FF0004C021A /* snappy-tennis-scoreboard Watch AppUITests */,
				46362E702E489FEF004C021A /* Products */,
			);
			sourceTree = "<group>";
		};
		46362E702E489FEF004C021A /* Products */ = {
			isa = PBXGroup;
			children = (
				46362E6F2E489FEF004C021A /* snappy-tennis-scoreboard.app */,
				46362E752E489FEF004C021A /* snappy-tennis-scoreboard Watch App.app */,
				46362E842E489FF0004C021A /* snappy-tennis-scoreboard Watch AppTests.xctest */,
				46362E8E2E489FF0004C021A /* snappy-tennis-scoreboard Watch AppUITests.xctest */,
			);
			name = Products;
			sourceTree = "<group>";
		};
/* End PBXGroup section */

/* Begin PBXNativeTarget section */
		46362E6E2E489FEF004C021A /* snappy-tennis-scoreboard */ = {
			isa = PBXNativeTarget;
			buildConfigurationList = 46362E9C2E489FF0004C021A /* Build configuration list for PBXNativeTarget "snappy-tennis-scoreboard" */;
			buildPhases = (
				46362E6D2E489FEF004C021A /* Resources */,
				46362E9B2E489FF0004C021A /* Embed Watch Content */,
			);
			buildRules = (
			);
			dependencies = (
				46362E782E489FEF004C021A /* PBXTargetDependency */,
			);
			name = "snappy-tennis-scoreboard";
			packageProductDependencies = (
			);
			productName = "snappy-tennis-scoreboard";
			productReference = 46362E6F2E489FEF004C021A /* snappy-tennis-scoreboard.app */;
			productType = "com.apple.product-type.application.watchapp2-container";
		};
		46362E742E489FEF004C021A /* snappy-tennis-scoreboard Watch App */ = {
			isa = PBXNativeTarget;
			buildConfigurationList = 46362E982E489FF0004C021A /* Build configuration list for PBXNativeTarget "snappy-tennis-scoreboard Watch App" */;
			buildPhases = (
				46362E712E489FEF004C021A /* Sources */,
				46362E722E489FEF004C021A /* Frameworks */,
				46362E732E489FEF004C021A /* Resources */,
			);
			buildRules = (
			);
			dependencies = (
			);
			fileSystemSynchronizedGroups = (
				46362E792E489FEF004C021A /* snappy-tennis-scoreboard Watch App */,
			);
			name = "snappy-tennis-scoreboard Watch App";
			packageProductDependencies = (
			);
			productName = "snappy-tennis-scoreboard Watch App";
			productReference = 46362E752E489FEF004C021A /* snappy-tennis-scoreboard Watch App.app */;
			productType = "com.apple.product-type.application";
		};
		46362E832E489FF0004C021A /* snappy-tennis-scoreboard Watch AppTests */ = {
			isa = PBXNativeTarget;
			buildConfigurationList = 46362E9F2E489FF0004C021A /* Build configuration list for PBXNativeTarget "snappy-tennis-scoreboard Watch AppTests" */;
			buildPhases = (
				46362E802E489FF0004C021A /* Sources */,
				46362E812E489FF0004C021A /* Frameworks */,
				46362E822E489FF0004C021A /* Resources */,
			);
			buildRules = (
			);
			dependencies = (
				46362E862E489FF0004C021A /* PBXTargetDependency */,
			);
			fileSystemSynchronizedGroups = (
				46362E872E489FF0004C021A /* snappy-tennis-scoreboard Watch AppTests */,
			);
			name = "snappy-tennis-scoreboard Watch AppTests";
			packageProductDependencies = (
			);
			productName = "snappy-tennis-scoreboard Watch AppTests";
			productReference = 46362E842E489FF0004C021A /* snappy-tennis-scoreboard Watch AppTests.xctest */;
			productType = "com.apple.product-type.bundle.unit-test";
		};
		46362E8D2E489FF0004C021A /* snappy-tennis-scoreboard Watch AppUITests */ = {
			isa = PBXNativeTarget;
			buildConfigurationList = 46362EA22E489FF0004C021A /* Build configuration list for PBXNativeTarget "snappy-tennis-scoreboard Watch AppUITests" */;
			buildPhases = (
				46362E8A2E489FF0004C021A /* Sources */,
				46362E8B2E489FF0004C021A /* Frameworks */,
				46362E8C2E489FF0004C021A /* Resources */,
			);
			buildRules = (
			);
			dependencies = (
				46362E902E489FF0004C021A /* PBXTargetDependency */,
			);
			fileSystemSynchronizedGroups = (
				46362E912E489FF0004C021A /* snappy-tennis-scoreboard Watch AppUITests */,
			);
			name = "snappy-tennis-scoreboard Watch AppUITests";
			packageProductDependencies = (
			);
			productName = "snappy-tennis-scoreboard Watch AppUITests";
			productReference = 46362E8E2E489FF0004C021A /* snappy-tennis-scoreboard Watch AppUITests.xctest */;
			productType = "com.apple.product-type.bundle.ui-testing";
		};
/* End PBXNativeTarget section */

/* Begin PBXProject section */
		46362E692E489FEF004C021A /* Project object */ = {
			isa = PBXProject;
			attributes = {
				BuildIndependentTargetsInParallel = 1;
				LastSwiftUpdateCheck = 1640;
				LastUpgradeCheck = 1640;
				TargetAttributes = {
					46362E6E2E489FEF004C021A = {
						CreatedOnToolsVersion = 16.4;
					};
					46362E742E489FEF004C021A = {
						CreatedOnToolsVersion = 16.4;
					};
					46362E832E489FF0004C021A = {
						CreatedOnToolsVersion = 16.4;
						TestTargetID = 46362E742E489FEF004C021A;
					};
					46362E8D2E489FF0004C021A = {
						CreatedOnToolsVersion = 16.4;
						TestTargetID = 46362E742E489FEF004C021A;
					};
				};
			};
			buildConfigurationList = 46362E6C2E489FEF004C021A /* Build configuration list for PBXProject "snappy-tennis-scoreboard" */;
			developmentRegion = en;
			hasScannedForEncodings = 0;
			knownRegions = (
				en,
				Base,
			);
			mainGroup = 46362E682E489FEF004C021A;
			minimizedProjectReferenceProxies = 1;
			preferredProjectObjectVersion = 77;
			productRefGroup = 46362E702E489FEF004C021A /* Products */;
			projectDirPath = "";
			projectRoot = "";
			targets = (
				46362E6E2E489FEF004C021A /* snappy-tennis-scoreboard */,
				46362E742E489FEF004C021A /* snappy-tennis-scoreboard Watch App */,
				46362E832E489FF0004C021A /* snappy-tennis-scoreboard Watch AppTests */,
				46362E8D2E489FF0004C021A /* snappy-tennis-scoreboard Watch AppUITests */,
			);
		};
/* End PBXProject section */

/* Begin PBXResourcesBuildPhase section */
		46362E6D2E489FEF004C021A /* Resources */ = {
			isa = PBXResourcesBuildPhase;
			buildActionMask = 2147483647;
			files = (
			);
			runOnlyForDeploymentPostprocessing = 0;
		};
		46362E732E489FEF004C021A /* Resources */ = {
			isa = PBXResourcesBuildPhase;
			buildActionMask = 2147483647;
			files = (
			);
			runOnlyForDeploymentPostprocessing = 0;
		};
		46362E822E489FF0004C021A /* Resources */ = {
			isa = PBXResourcesBuildPhase;
			buildActionMask = 2147483647;
			files = (
			);
			runOnlyForDeploymentPostprocessing = 0;
		};
		46362E8C2E489FF0004C021A /* Resources */ = {
			isa = PBXResourcesBuildPhase;
			buildActionMask = 2147483647;
			files = (
			);
			runOnlyForDeploymentPostprocessing = 0;
		};
/* End PBXResourcesBuildPhase section */

/* Begin PBXSourcesBuildPhase section */
		46362E712E489FEF004C021A /* Sources */ = {
			isa = PBXSourcesBuildPhase;
			buildActionMask = 2147483647;
			files = (
			);
			runOnlyForDeploymentPostprocessing = 0;
		};
		46362E802E489FF0004C021A /* Sources */ = {
			isa = PBXSourcesBuildPhase;
			buildActionMask = 2147483647;
			files = (
			);
			runOnlyForDeploymentPostprocessing = 0;
		};
		46362E8A2E489FF0004C021A /* Sources */ = {
			isa = PBXSourcesBuildPhase;
			buildActionMask = 2147483647;
			files = (
			);
			runOnlyForDeploymentPostprocessing = 0;
		};
/* End PBXSourcesBuildPhase section */

/* Begin PBXTargetDependency section */
		46362E782E489FEF004C021A /* PBXTargetDependency */ = {
			isa = PBXTargetDependency;
			target = 46362E742E489FEF004C021A /* snappy-tennis-scoreboard Watch App */;
			targetProxy = 46362E772E489FEF004C021A /* PBXContainerItemProxy */;
		};
		46362E862E489FF0004C021A /* PBXTargetDependency */ = {
			isa = PBXTargetDependency;
			target = 46362E742E489FEF004C021A /* snappy-tennis-scoreboard Watch App */;
			targetProxy = 46362E852E489FF0004C021A /* PBXContainerItemProxy */;
		};
		46362E902E489FF0004C021A /* PBXTargetDependency */ = {
			isa = PBXTargetDependency;
			target = 46362E742E489FEF004C021A /* snappy-tennis-scoreboard Watch App */;
			targetProxy = 46362E8F2E489FF0004C021A /* PBXContainerItemProxy */;
		};
/* End PBXTargetDependency section */

/* Begin XCBuildConfiguration section */
		46362E962E489FF0004C021A /* Debug */ = {
			isa = XCBuildConfiguration;
			buildSettings = {
				ALWAYS_SEARCH_USER_PATHS = NO;
				ASSETCATALOG_COMPILER_GENERATE_SWIFT_ASSET_SYMBOL_EXTENSIONS = YES;
				CLANG_ANALYZER_NONNULL = YES;
				CLANG_ANALYZER_NUMBER_OBJECT_CONVERSION = YES_AGGRESSIVE;
				CLANG_CXX_LANGUAGE_STANDARD = "gnu++20";
				CLANG_ENABLE_MODULES = YES;
				CLANG_ENABLE_OBJC_ARC = YES;
				CLANG_ENABLE_OBJC_WEAK = YES;
				CLANG_WARN_BLOCK_CAPTURE_AUTORELEASING = YES;
				CLANG_WARN_BOOL_CONVERSION = YES;
				CLANG_WARN_COMMA = YES;
				CLANG_WARN_CONSTANT_CONVERSION = YES;
				CLANG_WARN_DEPRECATED_OBJC_IMPLEMENTATIONS = YES;
				CLANG_WARN_DIRECT_OBJC_ISA_USAGE = YES_ERROR;
				CLANG_WARN_DOCUMENTATION_COMMENTS = YES;
				CLANG_WARN_EMPTY_BODY = YES;
				CLANG_WARN_ENUM_CONVERSION = YES;
				CLANG_WARN_INFINITE_RECURSION = YES;
				CLANG_WARN_INT_CONVERSION = YES;
				CLANG_WARN_NON_LITERAL_NULL_CONVERSION = YES;
				CLANG_WARN_OBJC_IMPLICIT_RETAIN_SELF = YES;
				CLANG_WARN_OBJC_LITERAL_CONVERSION = YES;
				CLANG_WARN_OBJC_ROOT_CLASS = YES_ERROR;
				CLANG_WARN_QUOTED_INCLUDE_IN_FRAMEWORK_HEADER = YES;
				CLANG_WARN_RANGE_LOOP_ANALYSIS = YES;
				CLANG_WARN_STRICT_PROTOTYPES = YES;
				CLANG_WARN_SUSPICIOUS_MOVE = YES;
				CLANG_WARN_UNGUARDED_AVAILABILITY = YES_AGGRESSIVE;
				CLANG_WARN_UNREACHABLE_CODE = YES;
				CLANG_WARN__DUPLICATE_METHOD_MATCH = YES;
				COPY_PHASE_STRIP = NO;
				DEBUG_INFORMATION_FORMAT = dwarf;
				DEVELOPMENT_TEAM = ULH45YJ22R;
				ENABLE_STRICT_OBJC_MSGSEND = YES;
				ENABLE_TESTABILITY = YES;
				ENABLE_USER_SCRIPT_SANDBOXING = YES;
				GCC_C_LANGUAGE_STANDARD = gnu17;
				GCC_DYNAMIC_NO_PIC = NO;
				GCC_NO_COMMON_BLOCKS = YES;
				GCC_OPTIMIZATION_LEVEL = 0;
				GCC_PREPROCESSOR_DEFINITIONS = (
					"DEBUG=1",
					"$(inherited)",
				);
				GCC_WARN_64_TO_32_BIT_CONVERSION = YES;
				GCC_WARN_ABOUT_RETURN_TYPE = YES_ERROR;
				GCC_WARN_UNDECLARED_SELECTOR = YES;
				GCC_WARN_UNINITIALIZED_AUTOS = YES_AGGRESSIVE;
				GCC_WARN_UNUSED_FUNCTION = YES;
				GCC_WARN_UNUSED_VARIABLE = YES;
				LOCALIZATION_PREFERS_STRING_CATALOGS = YES;
				MTL_ENABLE_DEBUG_INFO = INCLUDE_SOURCE;
				MTL_FAST_MATH = YES;
				ONLY_ACTIVE_ARCH = YES;
				SWIFT_ACTIVE_COMPILATION_CONDITIONS = "DEBUG $(inherited)";
				SWIFT_OPTIMIZATION_LEVEL = "-Onone";
			};
			name = Debug;
		};
		46362E972E489FF0004C021A /* Release */ = {
			isa = XCBuildConfiguration;
			buildSettings = {
				ALWAYS_SEARCH_USER_PATHS = NO;
				ASSETCATALOG_COMPILER_GENERATE_SWIFT_ASSET_SYMBOL_EXTENSIONS = YES;
				CLANG_ANALYZER_NONNULL = YES;
				CLANG_ANALYZER_NUMBER_OBJECT_CONVERSION = YES_AGGRESSIVE;
				CLANG_CXX_LANGUAGE_STANDARD = "gnu++20";
				CLANG_ENABLE_MODULES = YES;
				CLANG_ENABLE_OBJC_ARC = YES;
				CLANG_ENABLE_OBJC_WEAK = YES;
				CLANG_WARN_BLOCK_CAPTURE_AUTORELEASING = YES;
				CLANG_WARN_BOOL_CONVERSION = YES;
				CLANG_WARN_COMMA = YES;
				CLANG_WARN_CONSTANT_CONVERSION = YES;
				CLANG_WARN_DEPRECATED_OBJC_IMPLEMENTATIONS = YES;
				CLANG_WARN_DIRECT_OBJC_ISA_USAGE = YES_ERROR;
				CLANG_WARN_DOCUMENTATION_COMMENTS = YES;
				CLANG_WARN_EMPTY_BODY = YES;
				CLANG_WARN_ENUM_CONVERSION = YES;
				CLANG_WARN_INFINITE_RECURSION = YES;
				CLANG_WARN_INT_CONVERSION = YES;
				CLANG_WARN_NON_LITERAL_NULL_CONVERSION = YES;
				CLANG_WARN_OBJC_IMPLICIT_RETAIN_SELF = YES;
				CLANG_WARN_OBJC_LITERAL_CONVERSION = YES;
				CLANG_WARN_OBJC_ROOT_CLASS = YES_ERROR;
				CLANG_WARN_QUOTED_INCLUDE_IN_FRAMEWORK_HEADER = YES;
				CLANG_WARN_RANGE_LOOP_ANALYSIS = YES;
				CLANG_WARN_STRICT_PROTOTYPES = YES;
				CLANG_WARN_SUSPICIOUS_MOVE = YES;
				CLANG_WARN_UNGUARDED_AVAILABILITY = YES_AGGRESSIVE;
				CLANG_WARN_UNREACHABLE_CODE = YES;
				CLANG_WARN__DUPLICATE_METHOD_MATCH = YES;
				COPY_PHASE_STRIP = NO;
				DEBUG_INFORMATION_FORMAT = "dwarf-with-dsym";
				DEVELOPMENT_TEAM = ULH45YJ22R;
				ENABLE_NS_ASSERTIONS = NO;
				ENABLE_STRICT_OBJC_MSGSEND = YES;
				ENABLE_USER_SCRIPT_SANDBOXING = YES;
				GCC_C_LANGUAGE_STANDARD = gnu17;
				GCC_NO_COMMON_BLOCKS = YES;
				GCC_WARN_64_TO_32_BIT_CONVERSION = YES;
				GCC_WARN_ABOUT_RETURN_TYPE = YES_ERROR;
				GCC_WARN_UNDECLARED_SELECTOR = YES;
				GCC_WARN_UNINITIALIZED_AUTOS = YES_AGGRESSIVE;
				GCC_WARN_UNUSED_FUNCTION = YES;
				GCC_WARN_UNUSED_VARIABLE = YES;
				LOCALIZATION_PREFERS_STRING_CATALOGS = YES;
				MTL_ENABLE_DEBUG_INFO = NO;
				MTL_FAST_MATH = YES;
				SWIFT_COMPILATION_MODE = wholemodule;
			};
			name = Release;
		};
		46362E992E489FF0004C021A /* Debug */ = {
			isa = XCBuildConfiguration;
			buildSettings = {
				ASSETCATALOG_COMPILER_APPICON_NAME = AppIcon;
				ASSETCATALOG_COMPILER_GLOBAL_ACCENT_COLOR_NAME = AccentColor;
				CODE_SIGN_STYLE = Automatic;
				CURRENT_PROJECT_VERSION = 1;
				DEVELOPMENT_TEAM = ULH45YJ22R;
				ENABLE_PREVIEWS = YES;
				GENERATE_INFOPLIST_FILE = YES;
				INFOPLIST_KEY_CFBundleDisplayName = "snappy-tennis-scoreboard";
				INFOPLIST_KEY_UISupportedInterfaceOrientations = "UIInterfaceOrientationPortrait UIInterfaceOrientationPortraitUpsideDown";
				INFOPLIST_KEY_WKWatchOnly = YES;
				LD_RUNPATH_SEARCH_PATHS = (
					"$(inherited)",
					"@executable_path/Frameworks",
				);
				MARKETING_VERSION = 1.0;
				PRODUCT_BUNDLE_IDENTIFIER = "app.snappysports.tennis-scoreboard.watchkitapp";
				PRODUCT_NAME = "$(TARGET_NAME)";
				SDKROOT = watchos;
				SKIP_INSTALL = YES;
				SWIFT_EMIT_LOC_STRINGS = YES;
				SWIFT_VERSION = 5.0;
				TARGETED_DEVICE_FAMILY = 4;
				WATCHOS_DEPLOYMENT_TARGET = 11.5;
			};
			name = Debug;
		};
		46362E9A2E489FF0004C021A /* Release */ = {
			isa = XCBuildConfiguration;
			buildSettings = {
				ASSETCATALOG_COMPILER_APPICON_NAME = AppIcon;
				ASSETCATALOG_COMPILER_GLOBAL_ACCENT_COLOR_NAME = AccentColor;
				CODE_SIGN_STYLE = Automatic;
				CURRENT_PROJECT_VERSION = 1;
				DEVELOPMENT_TEAM = ULH45YJ22R;
				ENABLE_PREVIEWS = YES;
				GENERATE_INFOPLIST_FILE = YES;
				INFOPLIST_KEY_CFBundleDisplayName = "snappy-tennis-scoreboard";
				INFOPLIST_KEY_UISupportedInterfaceOrientations = "UIInterfaceOrientationPortrait UIInterfaceOrientationPortraitUpsideDown";
				INFOPLIST_KEY_WKWatchOnly = YES;
				LD_RUNPATH_SEARCH_PATHS = (
					"$(inherited)",
					"@executable_path/Frameworks",
				);
				MARKETING_VERSION = 1.0;
				PRODUCT_BUNDLE_IDENTIFIER = "app.snappysports.tennis-scoreboard.watchkitapp";
				PRODUCT_NAME = "$(TARGET_NAME)";
				SDKROOT = watchos;
				SKIP_INSTALL = YES;
				SWIFT_EMIT_LOC_STRINGS = YES;
				SWIFT_VERSION = 5.0;
				TARGETED_DEVICE_FAMILY = 4;
				VALIDATE_PRODUCT = YES;
				WATCHOS_DEPLOYMENT_TARGET = 11.5;
			};
			name = Release;
		};
		46362E9D2E489FF0004C021A /* Debug */ = {
			isa = XCBuildConfiguration;
			buildSettings = {
				CODE_SIGN_IDENTITY = "Apple Development";
				CODE_SIGN_STYLE = Automatic;
				CURRENT_PROJECT_VERSION = 3;
				DEVELOPMENT_TEAM = ULH45YJ22R;
				INFOPLIST_KEY_CFBundleDisplayName = "snappy-tennis-scoreboard";
				MARKETING_VERSION = 1.1;
				PRODUCT_BUNDLE_IDENTIFIER = "app.snappysports.tennis-scoreboard";
				PRODUCT_NAME = "$(TARGET_NAME)";
				PROVISIONING_PROFILE_SPECIFIER = "";
				SDKROOT = iphoneos;
				SWIFT_VERSION = 5.0;
			};
			name = Debug;
		};
		46362E9E2E489FF0004C021A /* Release */ = {
			isa = XCBuildConfiguration;
			buildSettings = {
				CODE_SIGN_IDENTITY = "Apple Development";
				CODE_SIGN_STYLE = Automatic;
				CURRENT_PROJECT_VERSION = 3;
				DEVELOPMENT_TEAM = ULH45YJ22R;
				INFOPLIST_KEY_CFBundleDisplayName = "snappy-tennis-scoreboard";
				MARKETING_VERSION = 1.1;
				PRODUCT_BUNDLE_IDENTIFIER = "app.snappysports.tennis-scoreboard";
				PRODUCT_NAME = "$(TARGET_NAME)";
				PROVISIONING_PROFILE_SPECIFIER = "";
				SDKROOT = iphoneos;
				SWIFT_VERSION = 5.0;
				VALIDATE_PRODUCT = YES;
			};
			name = Release;
		};
		46362EA02E489FF0004C021A /* Debug */ = {
			isa = XCBuildConfiguration;
			buildSettings = {
				BUNDLE_LOADER = "$(TEST_HOST)";
				CODE_SIGN_STYLE = Automatic;
				CURRENT_PROJECT_VERSION = 1;
				DEVELOPMENT_TEAM = ULH45YJ22R;
				GENERATE_INFOPLIST_FILE = YES;
				MARKETING_VERSION = 1.0;
				PRODUCT_BUNDLE_IDENTIFIER = "app.snappysports.tennis-scoreboard.watchapptests";
				PRODUCT_NAME = "$(TARGET_NAME)";
				SDKROOT = watchos;
				SWIFT_EMIT_LOC_STRINGS = NO;
				SWIFT_VERSION = 5.0;
				TARGETED_DEVICE_FAMILY = 4;
				TEST_HOST = "$(BUILT_PRODUCTS_DIR)/snappy-tennis-scoreboard Watch App.app/$(BUNDLE_EXECUTABLE_FOLDER_PATH)/snappy-tennis-scoreboard Watch App";
				WATCHOS_DEPLOYMENT_TARGET = 11.5;
			};
			name = Debug;
		};
		46362EA12E489FF0004C021A /* Release */ = {
			isa = XCBuildConfiguration;
			buildSettings = {
				BUNDLE_LOADER = "$(TEST_HOST)";
				CODE_SIGN_STYLE = Automatic;
				CURRENT_PROJECT_VERSION = 1;
				DEVELOPMENT_TEAM = ULH45YJ22R;
				GENERATE_INFOPLIST_FILE = YES;
				MARKETING_VERSION = 1.0;
				PRODUCT_BUNDLE_IDENTIFIER = "app.snappysports.tennis-scoreboard.watchapptests";
				PRODUCT_NAME = "$(TARGET_NAME)";
				SDKROOT = watchos;
				SWIFT_EMIT_LOC_STRINGS = NO;
				SWIFT_VERSION = 5.0;
				TARGETED_DEVICE_FAMILY = 4;
				TEST_HOST = "$(BUILT_PRODUCTS_DIR)/snappy-tennis-scoreboard Watch App.app/$(BUNDLE_EXECUTABLE_FOLDER_PATH)/snappy-tennis-scoreboard Watch App";
				VALIDATE_PRODUCT = YES;
				WATCHOS_DEPLOYMENT_TARGET = 11.5;
			};
			name = Release;
		};
		46362EA32E489FF0004C021A /* Debug */ = {
			isa = XCBuildConfiguration;
			buildSettings = {
				CODE_SIGN_STYLE = Automatic;
				CURRENT_PROJECT_VERSION = 1;
				DEVELOPMENT_TEAM = ULH45YJ22R;
				GENERATE_INFOPLIST_FILE = YES;
				MARKETING_VERSION = 1.0;
				PRODUCT_BUNDLE_IDENTIFIER = "app.snappysports.tennis-scoreboard.watchkitappuitests";
				PRODUCT_NAME = "$(TARGET_NAME)";
				SDKROOT = watchos;
				SWIFT_EMIT_LOC_STRINGS = NO;
				SWIFT_VERSION = 5.0;
				TARGETED_DEVICE_FAMILY = 4;
				TEST_TARGET_NAME = "snappy-tennis-scoreboard Watch App";
				WATCHOS_DEPLOYMENT_TARGET = 11.5;
			};
			name = Debug;
		};
		46362EA42E489FF0004C021A /* Release */ = {
			isa = XCBuildConfiguration;
			buildSettings = {
				CODE_SIGN_STYLE = Automatic;
				CURRENT_PROJECT_VERSION = 1;
				DEVELOPMENT_TEAM = ULH45YJ22R;
				GENERATE_INFOPLIST_FILE = YES;
				MARKETING_VERSION = 1.0;
				PRODUCT_BUNDLE_IDENTIFIER = "app.snappysports.tennis-scoreboard.watchkitappuitests";
				PRODUCT_NAME = "$(TARGET_NAME)";
				SDKROOT = watchos;
				SWIFT_EMIT_LOC_STRINGS = NO;
				SWIFT_VERSION = 5.0;
				TARGETED_DEVICE_FAMILY = 4;
				TEST_TARGET_NAME = "snappy-tennis-scoreboard Watch App";
				VALIDATE_PRODUCT = YES;
				WATCHOS_DEPLOYMENT_TARGET = 11.5;
			};
			name = Release;
		};
/* End XCBuildConfiguration section */

/* Begin XCConfigurationList section */
		46362E6C2E489FEF004C021A /* Build configuration list for PBXProject "snappy-tennis-scoreboard" */ = {
			isa = XCConfigurationList;
			buildConfigurations = (
				46362E962E489FF0004C021A /* Debug */,
				46362E972E489FF0004C021A /* Release */,
			);
			defaultConfigurationIsVisible = 0;
			defaultConfigurationName = Release;
		};
		46362E982E489FF0004C021A /* Build configuration list for PBXNativeTarget "snappy-tennis-scoreboard Watch App" */ = {
			isa = XCConfigurationList;
			buildConfigurations = (
				46362E992E489FF0004C021A /* Debug */,
				46362E9A2E489FF0004C021A /* Release */,
			);
			defaultConfigurationIsVisible = 0;
			defaultConfigurationName = Release;
		};
		46362E9C2E489FF0004C021A /* Build configuration list for PBXNativeTarget "snappy-tennis-scoreboard" */ = {
			isa = XCConfigurationList;
			buildConfigurations = (
				46362E9D2E489FF0004C021A /* Debug */,
				46362E9E2E489FF0004C021A /* Release */,
			);
			defaultConfigurationIsVisible = 0;
			defaultConfigurationName = Release;
		};
		46362E9F2E489FF0004C021A /* Build configuration list for PBXNativeTarget "snappy-tennis-scoreboard Watch AppTests" */ = {
			isa = XCConfigurationList;
			buildConfigurations = (
				46362EA02E489FF0004C021A /* Debug */,
				46362EA12E489FF0004C021A /* Release */,
			);
			defaultConfigurationIsVisible = 0;
			defaultConfigurationName = Release;
		};
		46362EA22E489FF0004C021A /* Build configuration list for PBXNativeTarget "snappy-tennis-scoreboard Watch AppUITests" */ = {
			isa = XCConfigurationList;
			buildConfigurations = (
				46362EA32E489FF0004C021A /* Debug */,
				46362EA42E489FF0004C021A /* Release */,
			);
			defaultConfigurationIsVisible = 0;
			defaultConfigurationName = Release;
		};
/* End XCConfigurationList section */
	};
	rootObject = 46362E692E489FEF004C021A /* Project object */;
}
